PODS:
  - Bolts (1.8.4):
    - Bolts/AppLinks (= 1.8.4)
    - Bolts/Tasks (= 1.8.4)
  - Bolts/AppLinks (1.8.4):
    - Bolts/Tasks
  - Bolts/Tasks (1.8.4)
  - FBSDKCoreKit (4.18.0):
    - Bolts (~> 1.7)
  - FBSDKLoginKit (4.18.0):
    - FBSDKCoreKit
  - FBSDKShareKit (4.18.0):
    - FBSDKCoreKit
  - GoogleMaps (2.1.1):
    - GoogleMaps/Maps (= 2.1.1)
  - GoogleMaps/Base (2.1.1)
  - GoogleMaps/Maps (2.1.1):
    - GoogleMaps/Base
  - GooglePlaces (2.1.1):
    - GoogleMaps/Base (= 2.1.1)
  - Parse (1.14.2):
    - Bolts/Tasks (~> 1.8)
  - SnapKit (3.1.2)

DEPENDENCIES:
  - FBSDKCoreKit
  - FBSDKLoginKit
  - FBSDKShareKit
  - GoogleMaps
  - GooglePlaces
  - Parse
  - SnapKit (~> 3.0)

SPEC CHECKSUMS:
  Bolts: 8a7995239dbe724f9cba2248b766d48b7ebdd322
  FBSDKCoreKit: 15fef8804a4629f98c6f4e55e81a76c9d725d85e
  FBSDKLoginKit: 6773073e970b2b15fb12e451ce7f11da0532b880
  FBSDKShareKit: 0b8d6cc3f103c75297eb3c62caec284a2ccf1b9e
  GoogleMaps: a5b5bbe47734e2443bde781a6aa64e69fdb6d785
  GooglePlaces: 35636d86e5020cba3856eb988c09a5491de0a65a
  Parse: 4335d65f40cb3d43190d723144bbe1afb9c38230
  SnapKit: 12b24f569cb7c143acc9c22b9d91b23e7b1c84a2

PODFILE CHECKSUM: d01709179b4d9a606ee071d744356c119f43f5b2

COCOAPODS: 1.1.1
